
Microsoft Visual Studio Solution File, Format Version 12.00
# Visual Studio 15
VisualStudioVersion = 15.0.28010.2048
MinimumVisualStudioVersion = 10.0.40219.1
Project("{888888A0-9F3D-457C-B088-3A5042F75D52}") = "tic tac 2", "tic tac 2\tic tac 2.pyproj", "{625E50AE-3717-4B6B-A687-159A3E1B598B}"
EndProject
Global
	GlobalSection(SolutionConfigurationPlatforms) = preSolution
		Debug|Any CPU = Debug|Any CPU
		Release|Any CPU = Release|Any CPU
	EndGlobalSection
	GlobalSection(ProjectConfigurationPlatforms) = postSolution
		{625E50AE-3717-4B6B-A687-159A3E1B598B}.Debug|Any CPU.ActiveCfg = Debug|Any CPU
		{625E50AE-3717-4B6B-A687-159A3E1B598B}.Release|Any CPU.ActiveCfg = Release|Any CPU
	EndGlobalSection
	GlobalSection(SolutionProperties) = preSolution
		HideSolutionNode = FALSE
	EndGlobalSection
	GlobalSection(ExtensibilityGlobals) = postSolution
		SolutionGuid = {CDDDB765-7477-4705-A1DC-07E13BE7163B}
	EndGlobalSection
EndGlobal
